
Microsoft Visual Studio Solution File, Format Version 12.00
# Visual Studio Version 16
VisualStudioVersion = 16.0.31019.35
MinimumVisualStudioVersion = 10.0.40219.1
Project("{FAE04EC0-301F-11D3-BF4B-00C04F79EFBC}") = "2Idade", "2Idade\2Idade.csproj", "{A030CC96-3A03-4F62-80E2-68DC3EC51E7A}"
EndProject
Global
	GlobalSection(SolutionConfigurationPlatforms) = preSolution
		Debug|Any CPU = Debug|Any CPU
		Release|Any CPU = Release|Any CPU
	EndGlobalSection
	GlobalSection(ProjectConfigurationPlatforms) = postSolution
		{A030CC96-3A03-4F62-80E2-68DC3EC51E7A}.Debug|Any CPU.ActiveCfg = Debug|Any CPU
		{A030CC96-3A03-4F62-80E2-68DC3EC51E7A}.Debug|Any CPU.Build.0 = Debug|Any CPU
		{A030CC96-3A03-4F62-80E2-68DC3EC51E7A}.Release|Any CPU.ActiveCfg = Release|Any CPU
		{A030CC96-3A03-4F62-80E2-68DC3EC51E7A}.Release|Any CPU.Build.0 = Release|Any CPU
	EndGlobalSection
	GlobalSection(SolutionProperties) = preSolution
		HideSolutionNode = FALSE
	EndGlobalSection
	GlobalSection(ExtensibilityGlobals) = postSolution
		SolutionGuid = {E67B972D-CE62-45C1-9191-87DA8E202DC1}
	EndGlobalSection
EndGlobal
